
Microsoft Visual Studio Solution File, Format Version 12.00
# Visual Studio Version 17
VisualStudioVersion = 17.5.002.0
MinimumVisualStudioVersion = 10.0.40219.1
Project("{9A19103F-16F7-4668-BE54-9A1E7A4F7556}") = "FileFlowsScriptRepo", "FileFlowsScriptRepo.csproj", "{F13042EA-E10F-4E1D-AB8C-BBA05CBDBBE6}"
EndProject
Global
	GlobalSection(SolutionConfigurationPlatforms) = preSolution
		Debug|Any CPU = Debug|Any CPU
		Release|Any CPU = Release|Any CPU
	EndGlobalSection
	GlobalSection(ProjectConfigurationPlatforms) = postSolution
		{F13042EA-E10F-4E1D-AB8C-BBA05CBDBBE6}.Debug|Any CPU.ActiveCfg = Debug|Any CPU
		{F13042EA-E10F-4E1D-AB8C-BBA05CBDBBE6}.Debug|Any CPU.Build.0 = Debug|Any CPU
		{F13042EA-E10F-4E1D-AB8C-BBA05CBDBBE6}.Release|Any CPU.ActiveCfg = Release|Any CPU
		{F13042EA-E10F-4E1D-AB8C-BBA05CBDBBE6}.Release|Any CPU.Build.0 = Release|Any CPU
	EndGlobalSection
	GlobalSection(SolutionProperties) = preSolution
		HideSolutionNode = FALSE
	EndGlobalSection
	GlobalSection(ExtensibilityGlobals) = postSolution
		SolutionGuid = {B22C6563-C33B-4D38-B55A-9F8DF345600C}
	EndGlobalSection
EndGlobal
