
Microsoft Visual Studio Solution File, Format Version 12.00
# Visual Studio Version 17
VisualStudioVersion = 17.0.31903.59
MinimumVisualStudioVersion = 10.0.40219.1
Project("{9A19103F-16F7-4668-BE54-9A1E7A4F7556}") = "Server", "Server\Server.csproj", "{2EDB5FFF-9C34-4B09-8F4E-0A3FFA2D01F4}"
EndProject
Project("{9A19103F-16F7-4668-BE54-9A1E7A4F7556}") = "Plugin", "Plugin\Plugin.csproj", "{EACB30EC-B94E-4D73-9599-CC9C7EB00DB6}"
EndProject
Project("{9A19103F-16F7-4668-BE54-9A1E7A4F7556}") = "Shared", "Shared\Shared.csproj", "{8E4E32F9-D216-4773-845B-EC7F4CB94672}"
EndProject
Project("{9A19103F-16F7-4668-BE54-9A1E7A4F7556}") = "Client", "Client\Client.csproj", "{D2C8B353-0E8C-45B9-9005-F8FCB0E20B48}"
EndProject
Project("{9A19103F-16F7-4668-BE54-9A1E7A4F7556}") = "Node", "Node\Node.csproj", "{A3020594-1249-40FB-9D88-4A92FA1FB398}"
EndProject
Project("{9A19103F-16F7-4668-BE54-9A1E7A4F7556}") = "ServerShared", "ServerShared\ServerShared.csproj", "{90B4D560-CFF1-4C92-9865-BD32E4B0BFFF}"
EndProject
Project("{9A19103F-16F7-4668-BE54-9A1E7A4F7556}") = "FlowRunner", "FlowRunner\FlowRunner.csproj", "{91772B3A-AE4D-4817-9D3A-44073ECDE626}"
EndProject
Project("{9A19103F-16F7-4668-BE54-9A1E7A4F7556}") = "ScriptExecution", "ScriptExecution\ScriptExecution.csproj", "{09568E2E-EBE2-447D-9628-19C618AE7461}"
EndProject
Project("{9A19103F-16F7-4668-BE54-9A1E7A4F7556}") = "DataLayer", "DataLayer\DataLayer.csproj", "{FDCE8821-3228-42C9-8639-A279E51E2EE3}"
EndProject
Project("{9A19103F-16F7-4668-BE54-9A1E7A4F7556}") = "Managers", "Managers\Managers.csproj", "{508AFEAB-0FF3-45AD-89CE-D78B30A4F2D2}"
EndProject
Project("{9A19103F-16F7-4668-BE54-9A1E7A4F7556}") = "RemoteServices", "RemoteServices\RemoteServices.csproj", "{0C0D563E-4D7C-4A94-B6B6-51D4D1B41D01}"
EndProject
Project("{FAE04EC0-301F-11D3-BF4B-00C04F79EFBC}") = "Charting", "Charting\Charting.csproj", "{547A6455-C77D-4447-8D24-CF9EC9868C5A}"
EndProject
Project("{FAE04EC0-301F-11D3-BF4B-00C04F79EFBC}") = "FileFlowsTests", "FileFlowsTests\FileFlowsTests.csproj", "{96B578F9-9824-4436-9D5F-1296F76568E3}"
EndProject
Project("{FAE04EC0-301F-11D3-BF4B-00C04F79EFBC}") = "xBuild", "xBuild\xBuild.csproj", "{1C111E4D-6913-4F1D-8EE4-E3B2A21F389B}"
EndProject
Project("{FAE04EC0-301F-11D3-BF4B-00C04F79EFBC}") = "ResellerApp", "..\FileFlowsAdditional\ResellerApp\ResellerApp.csproj", "{C574CD95-ED87-47E2-B4F7-73514082C30A}"
EndProject
Project("{FAE04EC0-301F-11D3-BF4B-00C04F79EFBC}") = "WebServer", "WebServer\WebServer.csproj", "{66CE747F-5BCD-400E-BD54-3EEA9A710AC8}"
EndProject
Project("{FAE04EC0-301F-11D3-BF4B-00C04F79EFBC}") = "Services", "..\FileFlowsAdditional\Services\Services.csproj", "{90EDD441-15F5-4F8D-BB4D-71DA8238F2A4}"
EndProject
Project("{FAE04EC0-301F-11D3-BF4B-00C04F79EFBC}") = "Helpers", "..\FileFlowsAdditional\Helpers\Helpers.csproj", "{42AEEAB3-6069-4DFD-AF7E-FAAF877610D5}"
EndProject
Project("{FAE04EC0-301F-11D3-BF4B-00C04F79EFBC}") = "Common", "Common\Common.csproj", "{A40DEBC8-0D62-4155-8D9C-BFBBC731FBC4}"
EndProject
Project("{FAE04EC0-301F-11D3-BF4B-00C04F79EFBC}") = "Validators", "Validators\Validators.csproj", "{BB1F205D-6A09-46F4-B041-985990715D21}"
EndProject
Global
	GlobalSection(SolutionConfigurationPlatforms) = preSolution
		Debug|Any CPU = Debug|Any CPU
		Release|Any CPU = Release|Any CPU
	EndGlobalSection
	GlobalSection(ProjectConfigurationPlatforms) = postSolution
		{2EDB5FFF-9C34-4B09-8F4E-0A3FFA2D01F4}.Debug|Any CPU.ActiveCfg = Debug|Any CPU
		{2EDB5FFF-9C34-4B09-8F4E-0A3FFA2D01F4}.Debug|Any CPU.Build.0 = Debug|Any CPU
		{2EDB5FFF-9C34-4B09-8F4E-0A3FFA2D01F4}.Release|Any CPU.ActiveCfg = Release|Any CPU
		{2EDB5FFF-9C34-4B09-8F4E-0A3FFA2D01F4}.Release|Any CPU.Build.0 = Release|Any CPU
		{EACB30EC-B94E-4D73-9599-CC9C7EB00DB6}.Debug|Any CPU.ActiveCfg = Debug|Any CPU
		{EACB30EC-B94E-4D73-9599-CC9C7EB00DB6}.Debug|Any CPU.Build.0 = Debug|Any CPU
		{EACB30EC-B94E-4D73-9599-CC9C7EB00DB6}.Release|Any CPU.ActiveCfg = Release|Any CPU
		{EACB30EC-B94E-4D73-9599-CC9C7EB00DB6}.Release|Any CPU.Build.0 = Release|Any CPU
		{8E4E32F9-D216-4773-845B-EC7F4CB94672}.Debug|Any CPU.ActiveCfg = Debug|Any CPU
		{8E4E32F9-D216-4773-845B-EC7F4CB94672}.Debug|Any CPU.Build.0 = Debug|Any CPU
		{8E4E32F9-D216-4773-845B-EC7F4CB94672}.Release|Any CPU.ActiveCfg = Release|Any CPU
		{8E4E32F9-D216-4773-845B-EC7F4CB94672}.Release|Any CPU.Build.0 = Release|Any CPU
		{D2C8B353-0E8C-45B9-9005-F8FCB0E20B48}.Debug|Any CPU.ActiveCfg = Debug|Any CPU
		{D2C8B353-0E8C-45B9-9005-F8FCB0E20B48}.Debug|Any CPU.Build.0 = Debug|Any CPU
		{D2C8B353-0E8C-45B9-9005-F8FCB0E20B48}.Release|Any CPU.ActiveCfg = Release|Any CPU
		{D2C8B353-0E8C-45B9-9005-F8FCB0E20B48}.Release|Any CPU.Build.0 = Release|Any CPU
		{A3020594-1249-40FB-9D88-4A92FA1FB398}.Debug|Any CPU.ActiveCfg = Debug|Any CPU
		{A3020594-1249-40FB-9D88-4A92FA1FB398}.Debug|Any CPU.Build.0 = Debug|Any CPU
		{A3020594-1249-40FB-9D88-4A92FA1FB398}.Release|Any CPU.ActiveCfg = Release|Any CPU
		{A3020594-1249-40FB-9D88-4A92FA1FB398}.Release|Any CPU.Build.0 = Release|Any CPU
		{90B4D560-CFF1-4C92-9865-BD32E4B0BFFF}.Debug|Any CPU.ActiveCfg = Debug|Any CPU
		{90B4D560-CFF1-4C92-9865-BD32E4B0BFFF}.Debug|Any CPU.Build.0 = Debug|Any CPU
		{90B4D560-CFF1-4C92-9865-BD32E4B0BFFF}.Release|Any CPU.ActiveCfg = Release|Any CPU
		{90B4D560-CFF1-4C92-9865-BD32E4B0BFFF}.Release|Any CPU.Build.0 = Release|Any CPU
		{91772B3A-AE4D-4817-9D3A-44073ECDE626}.Debug|Any CPU.ActiveCfg = Debug|Any CPU
		{91772B3A-AE4D-4817-9D3A-44073ECDE626}.Debug|Any CPU.Build.0 = Debug|Any CPU
		{91772B3A-AE4D-4817-9D3A-44073ECDE626}.Release|Any CPU.ActiveCfg = Release|Any CPU
		{91772B3A-AE4D-4817-9D3A-44073ECDE626}.Release|Any CPU.Build.0 = Release|Any CPU
		{09568E2E-EBE2-447D-9628-19C618AE7461}.Debug|Any CPU.ActiveCfg = Debug|Any CPU
		{09568E2E-EBE2-447D-9628-19C618AE7461}.Debug|Any CPU.Build.0 = Debug|Any CPU
		{09568E2E-EBE2-447D-9628-19C618AE7461}.Release|Any CPU.ActiveCfg = Release|Any CPU
		{09568E2E-EBE2-447D-9628-19C618AE7461}.Release|Any CPU.Build.0 = Release|Any CPU
		{FDCE8821-3228-42C9-8639-A279E51E2EE3}.Debug|Any CPU.ActiveCfg = Debug|Any CPU
		{FDCE8821-3228-42C9-8639-A279E51E2EE3}.Debug|Any CPU.Build.0 = Debug|Any CPU
		{FDCE8821-3228-42C9-8639-A279E51E2EE3}.Release|Any CPU.ActiveCfg = Release|Any CPU
		{FDCE8821-3228-42C9-8639-A279E51E2EE3}.Release|Any CPU.Build.0 = Release|Any CPU
		{508AFEAB-0FF3-45AD-89CE-D78B30A4F2D2}.Debug|Any CPU.ActiveCfg = Debug|Any CPU
		{508AFEAB-0FF3-45AD-89CE-D78B30A4F2D2}.Debug|Any CPU.Build.0 = Debug|Any CPU
		{508AFEAB-0FF3-45AD-89CE-D78B30A4F2D2}.Release|Any CPU.ActiveCfg = Release|Any CPU
		{508AFEAB-0FF3-45AD-89CE-D78B30A4F2D2}.Release|Any CPU.Build.0 = Release|Any CPU
		{0C0D563E-4D7C-4A94-B6B6-51D4D1B41D01}.Debug|Any CPU.ActiveCfg = Debug|Any CPU
		{0C0D563E-4D7C-4A94-B6B6-51D4D1B41D01}.Debug|Any CPU.Build.0 = Debug|Any CPU
		{0C0D563E-4D7C-4A94-B6B6-51D4D1B41D01}.Release|Any CPU.ActiveCfg = Release|Any CPU
		{0C0D563E-4D7C-4A94-B6B6-51D4D1B41D01}.Release|Any CPU.Build.0 = Release|Any CPU
		{547A6455-C77D-4447-8D24-CF9EC9868C5A}.Debug|Any CPU.ActiveCfg = Debug|Any CPU
		{547A6455-C77D-4447-8D24-CF9EC9868C5A}.Debug|Any CPU.Build.0 = Debug|Any CPU
		{547A6455-C77D-4447-8D24-CF9EC9868C5A}.Release|Any CPU.ActiveCfg = Release|Any CPU
		{547A6455-C77D-4447-8D24-CF9EC9868C5A}.Release|Any CPU.Build.0 = Release|Any CPU
		{96B578F9-9824-4436-9D5F-1296F76568E3}.Debug|Any CPU.ActiveCfg = Debug|Any CPU
		{96B578F9-9824-4436-9D5F-1296F76568E3}.Debug|Any CPU.Build.0 = Debug|Any CPU
		{96B578F9-9824-4436-9D5F-1296F76568E3}.Release|Any CPU.ActiveCfg = Release|Any CPU
		{96B578F9-9824-4436-9D5F-1296F76568E3}.Release|Any CPU.Build.0 = Release|Any CPU
		{1C111E4D-6913-4F1D-8EE4-E3B2A21F389B}.Debug|Any CPU.ActiveCfg = Debug|Any CPU
		{1C111E4D-6913-4F1D-8EE4-E3B2A21F389B}.Debug|Any CPU.Build.0 = Debug|Any CPU
		{1C111E4D-6913-4F1D-8EE4-E3B2A21F389B}.Release|Any CPU.ActiveCfg = Release|Any CPU
		{1C111E4D-6913-4F1D-8EE4-E3B2A21F389B}.Release|Any CPU.Build.0 = Release|Any CPU
		{C574CD95-ED87-47E2-B4F7-73514082C30A}.Debug|Any CPU.ActiveCfg = Debug|Any CPU
		{C574CD95-ED87-47E2-B4F7-73514082C30A}.Debug|Any CPU.Build.0 = Debug|Any CPU
		{C574CD95-ED87-47E2-B4F7-73514082C30A}.Release|Any CPU.ActiveCfg = Release|Any CPU
		{C574CD95-ED87-47E2-B4F7-73514082C30A}.Release|Any CPU.Build.0 = Release|Any CPU
		{66CE747F-5BCD-400E-BD54-3EEA9A710AC8}.Debug|Any CPU.ActiveCfg = Debug|Any CPU
		{66CE747F-5BCD-400E-BD54-3EEA9A710AC8}.Debug|Any CPU.Build.0 = Debug|Any CPU
		{66CE747F-5BCD-400E-BD54-3EEA9A710AC8}.Release|Any CPU.ActiveCfg = Release|Any CPU
		{66CE747F-5BCD-400E-BD54-3EEA9A710AC8}.Release|Any CPU.Build.0 = Release|Any CPU
		{90EDD441-15F5-4F8D-BB4D-71DA8238F2A4}.Debug|Any CPU.ActiveCfg = Debug|Any CPU
		{90EDD441-15F5-4F8D-BB4D-71DA8238F2A4}.Debug|Any CPU.Build.0 = Debug|Any CPU
		{90EDD441-15F5-4F8D-BB4D-71DA8238F2A4}.Release|Any CPU.ActiveCfg = Release|Any CPU
		{90EDD441-15F5-4F8D-BB4D-71DA8238F2A4}.Release|Any CPU.Build.0 = Release|Any CPU
		{42AEEAB3-6069-4DFD-AF7E-FAAF877610D5}.Debug|Any CPU.ActiveCfg = Debug|Any CPU
		{42AEEAB3-6069-4DFD-AF7E-FAAF877610D5}.Debug|Any CPU.Build.0 = Debug|Any CPU
		{42AEEAB3-6069-4DFD-AF7E-FAAF877610D5}.Release|Any CPU.ActiveCfg = Release|Any CPU
		{42AEEAB3-6069-4DFD-AF7E-FAAF877610D5}.Release|Any CPU.Build.0 = Release|Any CPU
		{A40DEBC8-0D62-4155-8D9C-BFBBC731FBC4}.Debug|Any CPU.ActiveCfg = Debug|Any CPU
		{A40DEBC8-0D62-4155-8D9C-BFBBC731FBC4}.Debug|Any CPU.Build.0 = Debug|Any CPU
		{A40DEBC8-0D62-4155-8D9C-BFBBC731FBC4}.Release|Any CPU.ActiveCfg = Release|Any CPU
		{A40DEBC8-0D62-4155-8D9C-BFBBC731FBC4}.Release|Any CPU.Build.0 = Release|Any CPU
		{BB1F205D-6A09-46F4-B041-985990715D21}.Debug|Any CPU.ActiveCfg = Debug|Any CPU
		{BB1F205D-6A09-46F4-B041-985990715D21}.Debug|Any CPU.Build.0 = Debug|Any CPU
		{BB1F205D-6A09-46F4-B041-985990715D21}.Release|Any CPU.ActiveCfg = Release|Any CPU
		{BB1F205D-6A09-46F4-B041-985990715D21}.Release|Any CPU.Build.0 = Release|Any CPU
	EndGlobalSection
	GlobalSection(SolutionProperties) = preSolution
		HideSolutionNode = FALSE
	EndGlobalSection
	GlobalSection(ExtensibilityGlobals) = postSolution
		SolutionGuid = {919C0654-7F38-4AC8-ACC8-C82B9BC76F6F}
	EndGlobalSection
EndGlobal
